
Microsoft Visual Studio Solution File, Format Version 12.00
# Visual Studio Version 17
VisualStudioVersion = 17.14.36408.4
MinimumVisualStudioVersion = 10.0.40219.1
Project("{FAE04EC0-301F-11D3-BF4B-00C04F79EFBC}") = "LunaArcSync.Api", "LunaArcSync.Api\LunaArcSync.Api.csproj", "{A3CA171B-5314-4A56-8191-4F272242EEBE}"
EndProject
Global
	GlobalSection(SolutionConfigurationPlatforms) = preSolution
		Debug|Any CPU = Debug|Any CPU
		Release|Any CPU = Release|Any CPU
	EndGlobalSection
	GlobalSection(ProjectConfigurationPlatforms) = postSolution
		{A3CA171B-5314-4A56-8191-4F272242EEBE}.Debug|Any CPU.ActiveCfg = Debug|Any CPU
		{A3CA171B-5314-4A56-8191-4F272242EEBE}.Debug|Any CPU.Build.0 = Debug|Any CPU
		{A3CA171B-5314-4A56-8191-4F272242EEBE}.Release|Any CPU.ActiveCfg = Release|Any CPU
		{A3CA171B-5314-4A56-8191-4F272242EEBE}.Release|Any CPU.Build.0 = Release|Any CPU
	EndGlobalSection
	GlobalSection(SolutionProperties) = preSolution
		HideSolutionNode = FALSE
	EndGlobalSection
	GlobalSection(ExtensibilityGlobals) = postSolution
		SolutionGuid = {ABCA0C36-8401-49CC-B660-D259D2466D59}
	EndGlobalSection
EndGlobal
